
Microsoft Visual Studio Solution File, Format Version 12.00
# Visual Studio 15
VisualStudioVersion = 15.0.26124.0
MinimumVisualStudioVersion = 15.0.26124.0
Project("{2150E333-8FDC-42A3-9474-1A3956D46DE8}") = "binaryclass", "binaryclass", "{097C6D78-1292-4408-8E13-4AA3FBB5AB27}"
EndProject
Project("{FAE04EC0-301F-11D3-BF4B-00C04F79EFBC}") = "consumeModelApp", "binaryclass\consumeModelApp\consumeModelApp.csproj", "{E9975BA6-A298-4B29-87CB-F6053206ECF8}"
EndProject
Project("{2150E333-8FDC-42A3-9474-1A3956D46DE8}") = "SampleBinaryClassification", "SampleBinaryClassification", "{6EAEF885-9022-4EEF-BB20-0EA72448EBCB}"
EndProject
Project("{FAE04EC0-301F-11D3-BF4B-00C04F79EFBC}") = "SampleBinaryClassification.Model", "binaryclass\SampleBinaryClassification\SampleBinaryClassification.Model\SampleBinaryClassification.Model.csproj", "{4D00818B-95CF-4413-8362-07CE463ACB78}"
EndProject
Global
	GlobalSection(SolutionConfigurationPlatforms) = preSolution
		Debug|Any CPU = Debug|Any CPU
		Debug|x64 = Debug|x64
		Debug|x86 = Debug|x86
		Release|Any CPU = Release|Any CPU
		Release|x64 = Release|x64
		Release|x86 = Release|x86
	EndGlobalSection
	GlobalSection(SolutionProperties) = preSolution
		HideSolutionNode = FALSE
	EndGlobalSection
	GlobalSection(ProjectConfigurationPlatforms) = postSolution
		{E9975BA6-A298-4B29-87CB-F6053206ECF8}.Debug|Any CPU.ActiveCfg = Debug|Any CPU
		{E9975BA6-A298-4B29-87CB-F6053206ECF8}.Debug|Any CPU.Build.0 = Debug|Any CPU
		{E9975BA6-A298-4B29-87CB-F6053206ECF8}.Debug|x64.ActiveCfg = Debug|Any CPU
		{E9975BA6-A298-4B29-87CB-F6053206ECF8}.Debug|x64.Build.0 = Debug|Any CPU
		{E9975BA6-A298-4B29-87CB-F6053206ECF8}.Debug|x86.ActiveCfg = Debug|Any CPU
		{E9975BA6-A298-4B29-87CB-F6053206ECF8}.Debug|x86.Build.0 = Debug|Any CPU
		{E9975BA6-A298-4B29-87CB-F6053206ECF8}.Release|Any CPU.ActiveCfg = Release|Any CPU
		{E9975BA6-A298-4B29-87CB-F6053206ECF8}.Release|Any CPU.Build.0 = Release|Any CPU
		{E9975BA6-A298-4B29-87CB-F6053206ECF8}.Release|x64.ActiveCfg = Release|Any CPU
		{E9975BA6-A298-4B29-87CB-F6053206ECF8}.Release|x64.Build.0 = Release|Any CPU
		{E9975BA6-A298-4B29-87CB-F6053206ECF8}.Release|x86.ActiveCfg = Release|Any CPU
		{E9975BA6-A298-4B29-87CB-F6053206ECF8}.Release|x86.Build.0 = Release|Any CPU
		{4D00818B-95CF-4413-8362-07CE463ACB78}.Debug|Any CPU.ActiveCfg = Debug|Any CPU
		{4D00818B-95CF-4413-8362-07CE463ACB78}.Debug|Any CPU.Build.0 = Debug|Any CPU
		{4D00818B-95CF-4413-8362-07CE463ACB78}.Debug|x64.ActiveCfg = Debug|Any CPU
		{4D00818B-95CF-4413-8362-07CE463ACB78}.Debug|x64.Build.0 = Debug|Any CPU
		{4D00818B-95CF-4413-8362-07CE463ACB78}.Debug|x86.ActiveCfg = Debug|Any CPU
		{4D00818B-95CF-4413-8362-07CE463ACB78}.Debug|x86.Build.0 = Debug|Any CPU
		{4D00818B-95CF-4413-8362-07CE463ACB78}.Release|Any CPU.ActiveCfg = Release|Any CPU
		{4D00818B-95CF-4413-8362-07CE463ACB78}.Release|Any CPU.Build.0 = Release|Any CPU
		{4D00818B-95CF-4413-8362-07CE463ACB78}.Release|x64.ActiveCfg = Release|Any CPU
		{4D00818B-95CF-4413-8362-07CE463ACB78}.Release|x64.Build.0 = Release|Any CPU
		{4D00818B-95CF-4413-8362-07CE463ACB78}.Release|x86.ActiveCfg = Release|Any CPU
		{4D00818B-95CF-4413-8362-07CE463ACB78}.Release|x86.Build.0 = Release|Any CPU
	EndGlobalSection
	GlobalSection(NestedProjects) = preSolution
		{E9975BA6-A298-4B29-87CB-F6053206ECF8} = {097C6D78-1292-4408-8E13-4AA3FBB5AB27}
		{6EAEF885-9022-4EEF-BB20-0EA72448EBCB} = {097C6D78-1292-4408-8E13-4AA3FBB5AB27}
		{4D00818B-95CF-4413-8362-07CE463ACB78} = {6EAEF885-9022-4EEF-BB20-0EA72448EBCB}
	EndGlobalSection
EndGlobal
